
Microsoft Visual Studio Solution File, Format Version 12.00
# Visual Studio 2015
Project("{FAE04EC0-301F-11D3-BF4B-00C04F79EFBC}") = "Appium-Unity.CSharp", "Appium-Unity.CSharp.csproj", "{33841F53-6951-9CFB-C867-F2720B1CB722}"
EndProject
Global
	GlobalSection(SolutionConfigurationPlatforms) = preSolution
		Debug|Any CPU = Debug|Any CPU
		Release|Any CPU = Release|Any CPU
	EndGlobalSection
	GlobalSection(ProjectConfigurationPlatforms) = postSolution
		{33841F53-6951-9CFB-C867-F2720B1CB722}.Debug|Any CPU.ActiveCfg = Debug|Any CPU
		{33841F53-6951-9CFB-C867-F2720B1CB722}.Debug|Any CPU.Build.0 = Debug|Any CPU
		{33841F53-6951-9CFB-C867-F2720B1CB722}.Release|Any CPU.ActiveCfg = Release|Any CPU
		{33841F53-6951-9CFB-C867-F2720B1CB722}.Release|Any CPU.Build.0 = Release|Any CPU
	EndGlobalSection
	GlobalSection(SolutionProperties) = preSolution
		HideSolutionNode = FALSE
	EndGlobalSection
EndGlobal
